
Microsoft Visual Studio Solution File, Format Version 12.00
# Visual Studio 15
Project("{FAE04EC0-301F-11D3-BF4B-00C04F79EFBC}") = "wsar1", "wsar1.csproj", "{1632F748-B7E8-22EF-5690-0686854DE002}"
EndProject
Project("{FAE04EC0-301F-11D3-BF4B-00C04F79EFBC}") = "wsar1.Editor", "wsar1.Editor.csproj", "{FE07C69A-9AA3-8913-BB18-D7C37C48EA70}"
EndProject
Global
	GlobalSection(SolutionConfigurationPlatforms) = preSolution
		Debug|Any CPU = Debug|Any CPU
		Release|Any CPU = Release|Any CPU
	EndGlobalSection
	GlobalSection(ProjectConfigurationPlatforms) = postSolution
		{1632F748-B7E8-22EF-5690-0686854DE002}.Debug|Any CPU.ActiveCfg = Debug|Any CPU
		{1632F748-B7E8-22EF-5690-0686854DE002}.Debug|Any CPU.Build.0 = Debug|Any CPU
		{1632F748-B7E8-22EF-5690-0686854DE002}.Release|Any CPU.ActiveCfg = Release|Any CPU
		{1632F748-B7E8-22EF-5690-0686854DE002}.Release|Any CPU.Build.0 = Release|Any CPU
		{FE07C69A-9AA3-8913-BB18-D7C37C48EA70}.Debug|Any CPU.ActiveCfg = Debug|Any CPU
		{FE07C69A-9AA3-8913-BB18-D7C37C48EA70}.Debug|Any CPU.Build.0 = Debug|Any CPU
		{FE07C69A-9AA3-8913-BB18-D7C37C48EA70}.Release|Any CPU.ActiveCfg = Release|Any CPU
		{FE07C69A-9AA3-8913-BB18-D7C37C48EA70}.Release|Any CPU.Build.0 = Release|Any CPU
	EndGlobalSection
	GlobalSection(SolutionProperties) = preSolution
		HideSolutionNode = FALSE
	EndGlobalSection
EndGlobal
